PODS:
  - FMDB (2.7.5):
    - FMDB/standard (= 2.7.5)
  - FMDB/standard (2.7.5)
  - GRDB.swift (4.14.0):
    - GRDB.swift/standard (= 4.14.0)
  - GRDB.swift/standard (4.14.0)
  - Realm (5.4.4):
    - Realm/Headers (= 5.4.4)
  - Realm/Headers (5.4.4)
  - RealmSwift (5.4.4):
    - Realm (= 5.4.4)
  - SQLite.swift (0.12.2):
    - SQLite.swift/standard (= 0.12.2)
  - SQLite.swift/standard (0.12.2)

DEPENDENCIES:
  - FMDB
  - GRDB.swift
  - RealmSwift
  - SQLite.swift

SPEC REPOS:
  trunk:
    - FMDB
    - GRDB.swift
    - Realm
    - RealmSwift
    - SQLite.swift

SPEC CHECKSUMS:
  FMDB: 2ce00b547f966261cd18927a3ddb07cb6f3db82a
  GRDB.swift: 8cc3ab7c8b8b4ac1761deb8dca4b51c1c9d429f8
  Realm: b845bf406e03b9c52a53e0de2394480288aa532a
  RealmSwift: b524ff07e4e92a34f4aecbe6ed1a613979a08bb9
  SQLite.swift: d2b4642190917051ce6bd1d49aab565fe794eea3

PODFILE CHECKSUM: ed822e0c47c3a0e643dfdf0735cef4c531cd67f5

COCOAPODS: 1.9.1
