PODS:
  - FMDB (2.7.5):
    - FMDB/standard (= 2.7.5)
  - FMDB/standard (2.7.5)
  - GRDB.swift (4.14.0):
    - GRDB.swift/standard (= 4.14.0)
  - GRDB.swift/standard (4.14.0)
  - Realm (5.4.4):
    - Realm/Headers (= 5.4.4)
  - Realm/Headers (5.4.4)
  - RealmSwift (5.4.4):
    - Realm (= 5.4.4)

DEPENDENCIES:
  - FMDB (= 2.7.5)
  - GRDB.swift (= 4.14.0)
  - RealmSwift (= 5.4.4)

SPEC REPOS:
  trunk:
    - FMDB
    - GRDB.swift
    - Realm
    - RealmSwift

SPEC CHECKSUMS:
  FMDB: 2ce00b547f966261cd18927a3ddb07cb6f3db82a
  GRDB.swift: 8cc3ab7c8b8b4ac1761deb8dca4b51c1c9d429f8
  Realm: b845bf406e03b9c52a53e0de2394480288aa532a
  RealmSwift: b524ff07e4e92a34f4aecbe6ed1a613979a08bb9

PODFILE CHECKSUM: 77c9336066c745e10f322e224ec4c0e3fd211ee9

COCOAPODS: 1.9.1
