// !$*UTF8*$!
{
	archiveVersion = 1;
	classes = {
	};
	objectVersion = 51;
	objects = {

/* Begin PBXBuildFile section */
		8250264E5C2ABAF83CF83404 /* Pods_DatabaseComparison.framework in Frameworks */ = {isa = PBXBuildFile; fileRef = F4693C13DFC13D22D82B5012 /* Pods_DatabaseComparison.framework */; };
		8D0C8FE925A3C27D00FFFCE0 /* Mapping.xcmappingmodel in Sources */ = {isa = PBXBuildFile; fileRef = 8D0C8FE825A3C27D00FFFCE0 /* Mapping.xcmappingmodel */; };
		8D0EA826252BB62A005E51C3 /* AppDelegate.swift in Sources */ = {isa = PBXBuildFile; fileRef = 8D0EA825252BB62A005E51C3 /* AppDelegate.swift */; };
		8D0EA828252BB62A005E51C3 /* SceneDelegate.swift in Sources */ = {isa = PBXBuildFile; fileRef = 8D0EA827252BB62A005E51C3 /* SceneDelegate.swift */; };
		8D0EA830252BB62A005E51C3 /* DatabaseComparison.xcdatamodeld in Sources */ = {isa = PBXBuildFile; fileRef = 8D0EA82E252BB62A005E51C3 /* DatabaseComparison.xcdatamodeld */; };
		8D0EA832252BB62B005E51C3 /* Assets.xcassets in Resources */ = {isa = PBXBuildFile; fileRef = 8D0EA831252BB62B005E51C3 /* Assets.xcassets */; };
		8D0EA835252BB62B005E51C3 /* LaunchScreen.storyboard in Resources */ = {isa = PBXBuildFile; fileRef = 8D0EA833252BB62B005E51C3 /* LaunchScreen.storyboard */; };
		8D0EA84B252CC4E0005E51C3 /* RealmPublisherStore.swift in Sources */ = {isa = PBXBuildFile; fileRef = 8D0EA84A252CC4E0005E51C3 /* RealmPublisherStore.swift */; };
		8D0EA84E252CC4E8005E51C3 /* GRDBPublisherStore.swift in Sources */ = {isa = PBXBuildFile; fileRef = 8D0EA84D252CC4E8005E51C3 /* GRDBPublisherStore.swift */; };
		8D0EA851252CC4F1005E51C3 /* CoreDataPublisherStore.swift in Sources */ = {isa = PBXBuildFile; fileRef = 8D0EA850252CC4F1005E51C3 /* CoreDataPublisherStore.swift */; };
		8D0EA854252CC50E005E51C3 /* UserDefaultsStore.swift in Sources */ = {isa = PBXBuildFile; fileRef = 8D0EA853252CC50E005E51C3 /* UserDefaultsStore.swift */; };
		8D0EA857252CC51F005E51C3 /* FMDBPublisherStore.swift in Sources */ = {isa = PBXBuildFile; fileRef = 8D0EA856252CC51E005E51C3 /* FMDBPublisherStore.swift */; };
		8D2769E9256E3CCF0086D102 /* PublisherListView.xib in Resources */ = {isa = PBXBuildFile; fileRef = 8D2769E8256E3CCF0086D102 /* PublisherListView.xib */; };
		8D2FD7E0255EB0E60042828A /* Array+DIfference.swift in Sources */ = {isa = PBXBuildFile; fileRef = 8D2FD7DF255EB0E60042828A /* Array+DIfference.swift */; };
		8D2FD7E4256B8CD80042828A /* Container.swift in Sources */ = {isa = PBXBuildFile; fileRef = 8D2FD7E3256B8CD80042828A /* Container.swift */; };
		8D2FD7E7256BB6350042828A /* MockData.swift in Sources */ = {isa = PBXBuildFile; fileRef = 8D2FD7E6256BB6350042828A /* MockData.swift */; };
		8D2FD7EA256BBF6D0042828A /* PublisherStore.swift in Sources */ = {isa = PBXBuildFile; fileRef = 8D2FD7E9256BBF6D0042828A /* PublisherStore.swift */; };
		8D2FD7EE256BC11F0042828A /* PublisherListViewModel.swift in Sources */ = {isa = PBXBuildFile; fileRef = 8D2FD7ED256BC11F0042828A /* PublisherListViewModel.swift */; };
		8D2FD7F4256BC3780042828A /* PublisherCell.swift in Sources */ = {isa = PBXBuildFile; fileRef = 8D2FD7F3256BC3780042828A /* PublisherCell.swift */; };
		8D2FD7F7256BC3840042828A /* PublisherCell.xib in Resources */ = {isa = PBXBuildFile; fileRef = 8D2FD7F6256BC3840042828A /* PublisherCell.xib */; };
		8D2FD7FA256C85BB0042828A /* PublisherCellView.xib in Resources */ = {isa = PBXBuildFile; fileRef = 8D2FD7F9256C85BB0042828A /* PublisherCellView.xib */; };
		8D2FD7FD256C85C60042828A /* PublisherCellView.swift in Sources */ = {isa = PBXBuildFile; fileRef = 8D2FD7FC256C85C60042828A /* PublisherCellView.swift */; };
		8D2FD800256C89050042828A /* loadNib.swift in Sources */ = {isa = PBXBuildFile; fileRef = 8D2FD7FF256C89050042828A /* loadNib.swift */; };
		8D2FD807256CC0380042828A /* PublisherListViewController.swift in Sources */ = {isa = PBXBuildFile; fileRef = 8D2FD806256CC0380042828A /* PublisherListViewController.swift */; };
		8D2FD80B256CC1290042828A /* PublisherViewController.swift in Sources */ = {isa = PBXBuildFile; fileRef = 8D2FD80A256CC1290042828A /* PublisherViewController.swift */; };
		8D2FD80E256CC1360042828A /* BookCellView.swift in Sources */ = {isa = PBXBuildFile; fileRef = 8D2FD80D256CC1360042828A /* BookCellView.swift */; };
		8D2FD811256CC13D0042828A /* BookCell.swift in Sources */ = {isa = PBXBuildFile; fileRef = 8D2FD810256CC13D0042828A /* BookCell.swift */; };
		8D2FD814256CC1D90042828A /* BookCellView.xib in Resources */ = {isa = PBXBuildFile; fileRef = 8D2FD813256CC1D90042828A /* BookCellView.xib */; };
		8D2FD817256CC1E10042828A /* BookCell.xib in Resources */ = {isa = PBXBuildFile; fileRef = 8D2FD816256CC1E10042828A /* BookCell.xib */; };
		8D2FD81D256CC60F0042828A /* PublisherView.xib in Resources */ = {isa = PBXBuildFile; fileRef = 8D2FD81C256CC60F0042828A /* PublisherView.xib */; };
		8D2FD823256CC9130042828A /* ORMListView.xib in Resources */ = {isa = PBXBuildFile; fileRef = 8D2FD822256CC9130042828A /* ORMListView.xib */; };
		8D2FD826256CC9290042828A /* ORMListViewController.swift in Sources */ = {isa = PBXBuildFile; fileRef = 8D2FD825256CC9290042828A /* ORMListViewController.swift */; };
		8D2FD82C256CDDFD0042828A /* ORMCell.swift in Sources */ = {isa = PBXBuildFile; fileRef = 8D2FD82B256CDDFD0042828A /* ORMCell.swift */; };
		8D2FD830256CE0870042828A /* ORMCellView.swift in Sources */ = {isa = PBXBuildFile; fileRef = 8D2FD82F256CE0870042828A /* ORMCellView.swift */; };
		8D2FD833256CE0920042828A /* ORMCell.xib in Resources */ = {isa = PBXBuildFile; fileRef = 8D2FD832256CE0920042828A /* ORMCell.xib */; };
		8D2FD836256CE09A0042828A /* ORMCellView.xib in Resources */ = {isa = PBXBuildFile; fileRef = 8D2FD835256CE09A0042828A /* ORMCellView.xib */; };
		8D2FD83B256CFF420042828A /* CellItem.swift in Sources */ = {isa = PBXBuildFile; fileRef = 8D2FD83A256CFF420042828A /* CellItem.swift */; };
		8D3F0865257FE3E600189D5F /* BenchmarkObject.swift in Sources */ = {isa = PBXBuildFile; fileRef = 8D2769F22570C5740086D102 /* BenchmarkObject.swift */; };
		8D3F0866257FE3E600189D5F /* Benchmarker.swift in Sources */ = {isa = PBXBuildFile; fileRef = 8D2769F62570C7220086D102 /* Benchmarker.swift */; };
		8D3F0867257FE3E600189D5F /* BenchmarkContainer.swift in Sources */ = {isa = PBXBuildFile; fileRef = 8D3F0840257D385000189D5F /* BenchmarkContainer.swift */; };
		8D3F0886258252F700189D5F /* InsertOneToManyBenchmarkTests.swift in Sources */ = {isa = PBXBuildFile; fileRef = 8D3F0885258252F700189D5F /* InsertOneToManyBenchmarkTests.swift */; };
		8D3F088A2582530F00189D5F /* InsertOneToOneBenchmarkTests.swift in Sources */ = {isa = PBXBuildFile; fileRef = 8D3F08892582530F00189D5F /* InsertOneToOneBenchmarkTests.swift */; };
		8D3F08902582532A00189D5F /* InsertSimpleBenchmarkTests.swift in Sources */ = {isa = PBXBuildFile; fileRef = 8D3F088F2582532A00189D5F /* InsertSimpleBenchmarkTests.swift */; };
		8D3F0894258253A200189D5F /* ReadSimpleBenchmarkTests.swift in Sources */ = {isa = PBXBuildFile; fileRef = 8D3F0893258253A200189D5F /* ReadSimpleBenchmarkTests.swift */; };
		8D3F08982582564400189D5F /* ReadOneToOneBenchmarkTests.swift in Sources */ = {isa = PBXBuildFile; fileRef = 8D3F08972582564400189D5F /* ReadOneToOneBenchmarkTests.swift */; };
		8D3F089E2582565700189D5F /* ReadOneToManyBenchmarkTests.swift in Sources */ = {isa = PBXBuildFile; fileRef = 8D3F089D2582565700189D5F /* ReadOneToManyBenchmarkTests.swift */; };
		8D5B5FBB254177F500B22207 /* GRDBModelExtension.swift in Sources */ = {isa = PBXBuildFile; fileRef = 8D5B5FBA254177F500B22207 /* GRDBModelExtension.swift */; };
		8D5B5FBE254181DB00B22207 /* GRDBMigrator.swift in Sources */ = {isa = PBXBuildFile; fileRef = 8D5B5FBD254181DB00B22207 /* GRDBMigrator.swift */; };
		8D5B5FEB25455A1300B22207 /* CoreDataAbstractObjectStore.swift in Sources */ = {isa = PBXBuildFile; fileRef = 8D5B5FEA25455A1300B22207 /* CoreDataAbstractObjectStore.swift */; };
		8D727BAA253950D100F2912D /* Publisher.swift in Sources */ = {isa = PBXBuildFile; fileRef = 8D727BA9253950D100F2912D /* Publisher.swift */; };
		8D727BAF253953E200F2912D /* Owner.swift in Sources */ = {isa = PBXBuildFile; fileRef = 8D727BAE253953E200F2912D /* Owner.swift */; };
		8D727BB2253953F800F2912D /* Book.swift in Sources */ = {isa = PBXBuildFile; fileRef = 8D727BB1253953F800F2912D /* Book.swift */; };
		8D9D6CCA258F4E970026C0FD /* GRDBSQLPublisherStore.swift in Sources */ = {isa = PBXBuildFile; fileRef = 8D9D6CC9258F4E970026C0FD /* GRDBSQLPublisherStore.swift */; };
		8DE32AE325470E74007A3ADB /* DefaultsKey.swift in Sources */ = {isa = PBXBuildFile; fileRef = 8DE32AE225470E74007A3ADB /* DefaultsKey.swift */; };
		8DE32B6E255C7686007A3ADB /* PublisherMigration.swift in Sources */ = {isa = PBXBuildFile; fileRef = 8DE32B6D255C7685007A3ADB /* PublisherMigration.swift */; };
		FA794D6798EA7E4FABCE60D9 /* Pods_DatabaseComparisonTests.framework in Frameworks */ = {isa = PBXBuildFile; fileRef = 8613E1C62B4F1EB8D2AD11C7 /* Pods_DatabaseComparisonTests.framework */; };
/* End PBXBuildFile section */

/* Begin PBXContainerItemProxy section */
		8D3F085C257E05E700189D5F /* PBXContainerItemProxy */ = {
			isa = PBXContainerItemProxy;
			containerPortal = 8D0EA81A252BB62A005E51C3 /* Project object */;
			proxyType = 1;
			remoteGlobalIDString = 8D0EA821252BB62A005E51C3;
			remoteInfo = DatabaseComparison;
		};
/* End PBXContainerItemProxy section */

/* Begin PBXFileReference section */
		1F86ABFF5284947D7D7374F8 /* Pods-DatabaseComparisonTests.debug.xcconfig */ = {isa = PBXFileReference; includeInIndex = 1; lastKnownFileType = text.xcconfig; name = "Pods-DatabaseComparisonTests.debug.xcconfig"; path = "Target Support Files/Pods-DatabaseComparisonTests/Pods-DatabaseComparisonTests.debug.xcconfig"; sourceTree = "<group>"; };
		559E31C25AEE2F4EB18B6D1D /* Pods-DatabaseComparisonTests.release.xcconfig */ = {isa = PBXFileReference; includeInIndex = 1; lastKnownFileType = text.xcconfig; name = "Pods-DatabaseComparisonTests.release.xcconfig"; path = "Target Support Files/Pods-DatabaseComparisonTests/Pods-DatabaseComparisonTests.release.xcconfig"; sourceTree = "<group>"; };
		6A0F48F39E4701A2543D6630 /* Pods-DatabaseComparison.debug.xcconfig */ = {isa = PBXFileReference; includeInIndex = 1; lastKnownFileType = text.xcconfig; name = "Pods-DatabaseComparison.debug.xcconfig"; path = "Target Support Files/Pods-DatabaseComparison/Pods-DatabaseComparison.debug.xcconfig"; sourceTree = "<group>"; };
		8613E1C62B4F1EB8D2AD11C7 /* Pods_DatabaseComparisonTests.framework */ = {isa = PBXFileReference; explicitFileType = wrapper.framework; includeInIndex = 0; path = Pods_DatabaseComparisonTests.framework; sourceTree = BUILT_PRODUCTS_DIR; };
		8D0C8FE125A3BF2200FFFCE0 /* DatabaseComparison 2.xcdatamodel */ = {isa = PBXFileReference; lastKnownFileType = wrapper.xcdatamodel; path = "DatabaseComparison 2.xcdatamodel"; sourceTree = "<group>"; };
		8D0C8FE825A3C27D00FFFCE0 /* Mapping.xcmappingmodel */ = {isa = PBXFileReference; lastKnownFileType = wrapper.xcmappingmodel; path = Mapping.xcmappingmodel; sourceTree = "<group>"; };
		8D0EA822252BB62A005E51C3 /* DatabaseComparison.app */ = {isa = PBXFileReference; explicitFileType = wrapper.application; includeInIndex = 0; path = DatabaseComparison.app; sourceTree = BUILT_PRODUCTS_DIR; };
		8D0EA825252BB62A005E51C3 /* AppDelegate.swift */ = {isa = PBXFileReference; lastKnownFileType = sourcecode.swift; path = AppDelegate.swift; sourceTree = "<group>"; };
		8D0EA827252BB62A005E51C3 /* SceneDelegate.swift */ = {isa = PBXFileReference; lastKnownFileType = sourcecode.swift; path = SceneDelegate.swift; sourceTree = "<group>"; };
		8D0EA82F252BB62A005E51C3 /* DatabaseComparison.xcdatamodel */ = {isa = PBXFileReference; lastKnownFileType = wrapper.xcdatamodel; path = DatabaseComparison.xcdatamodel; sourceTree = "<group>"; };
		8D0EA831252BB62B005E51C3 /* Assets.xcassets */ = {isa = PBXFileReference; lastKnownFileType = folder.assetcatalog; path = Assets.xcassets; sourceTree = "<group>"; };
		8D0EA834252BB62B005E51C3 /* Base */ = {isa = PBXFileReference; lastKnownFileType = file.storyboard; name = Base; path = Base.lproj/LaunchScreen.storyboard; sourceTree = "<group>"; };
		8D0EA836252BB62B005E51C3 /* Info.plist */ = {isa = PBXFileReference; lastKnownFileType = text.plist.xml; path = Info.plist; sourceTree = "<group>"; };
		8D0EA84A252CC4E0005E51C3 /* RealmPublisherStore.swift */ = {isa = PBXFileReference; lastKnownFileType = sourcecode.swift; path = RealmPublisherStore.swift; sourceTree = "<group>"; };
		8D0EA84D252CC4E8005E51C3 /* GRDBPublisherStore.swift */ = {isa = PBXFileReference; lastKnownFileType = sourcecode.swift; path = GRDBPublisherStore.swift; sourceTree = "<group>"; };
		8D0EA850252CC4F1005E51C3 /* CoreDataPublisherStore.swift */ = {isa = PBXFileReference; lastKnownFileType = sourcecode.swift; path = CoreDataPublisherStore.swift; sourceTree = "<group>"; };
		8D0EA853252CC50E005E51C3 /* UserDefaultsStore.swift */ = {isa = PBXFileReference; lastKnownFileType = sourcecode.swift; path = UserDefaultsStore.swift; sourceTree = "<group>"; };
		8D0EA856252CC51E005E51C3 /* FMDBPublisherStore.swift */ = {isa = PBXFileReference; lastKnownFileType = sourcecode.swift; path = FMDBPublisherStore.swift; sourceTree = "<group>"; };
		8D2769E8256E3CCF0086D102 /* PublisherListView.xib */ = {isa = PBXFileReference; lastKnownFileType = file.xib; path = PublisherListView.xib; sourceTree = "<group>"; };
		8D2769F22570C5740086D102 /* BenchmarkObject.swift */ = {isa = PBXFileReference; lastKnownFileType = sourcecode.swift; path = BenchmarkObject.swift; sourceTree = "<group>"; };
		8D2769F62570C7220086D102 /* Benchmarker.swift */ = {isa = PBXFileReference; lastKnownFileType = sourcecode.swift; path = Benchmarker.swift; sourceTree = "<group>"; };
		8D2FD7DF255EB0E60042828A /* Array+DIfference.swift */ = {isa = PBXFileReference; lastKnownFileType = sourcecode.swift; path = "Array+DIfference.swift"; sourceTree = "<group>"; };
		8D2FD7E3256B8CD80042828A /* Container.swift */ = {isa = PBXFileReference; lastKnownFileType = sourcecode.swift; path = Container.swift; sourceTree = "<group>"; };
		8D2FD7E6256BB6350042828A /* MockData.swift */ = {isa = PBXFileReference; lastKnownFileType = sourcecode.swift; path = MockData.swift; sourceTree = "<group>"; };
		8D2FD7E9256BBF6D0042828A /* PublisherStore.swift */ = {isa = PBXFileReference; lastKnownFileType = sourcecode.swift; path = PublisherStore.swift; sourceTree = "<group>"; };
		8D2FD7ED256BC11F0042828A /* PublisherListViewModel.swift */ = {isa = PBXFileReference; lastKnownFileType = sourcecode.swift; path = PublisherListViewModel.swift; sourceTree = "<group>"; };
		8D2FD7F3256BC3780042828A /* PublisherCell.swift */ = {isa = PBXFileReference; lastKnownFileType = sourcecode.swift; path = PublisherCell.swift; sourceTree = "<group>"; };
		8D2FD7F6256BC3840042828A /* PublisherCell.xib */ = {isa = PBXFileReference; lastKnownFileType = file.xib; path = PublisherCell.xib; sourceTree = "<group>"; };
		8D2FD7F9256C85BB0042828A /* PublisherCellView.xib */ = {isa = PBXFileReference; lastKnownFileType = file.xib; path = PublisherCellView.xib; sourceTree = "<group>"; };
		8D2FD7FC256C85C60042828A /* PublisherCellView.swift */ = {isa = PBXFileReference; lastKnownFileType = sourcecode.swift; path = PublisherCellView.swift; sourceTree = "<group>"; };
		8D2FD7FF256C89050042828A /* loadNib.swift */ = {isa = PBXFileReference; lastKnownFileType = sourcecode.swift; path = loadNib.swift; sourceTree = "<group>"; };
		8D2FD806256CC0380042828A /* PublisherListViewController.swift */ = {isa = PBXFileReference; lastKnownFileType = sourcecode.swift; path = PublisherListViewController.swift; sourceTree = "<group>"; };
		8D2FD80A256CC1290042828A /* PublisherViewController.swift */ = {isa = PBXFileReference; lastKnownFileType = sourcecode.swift; path = PublisherViewController.swift; sourceTree = "<group>"; };
		8D2FD80D256CC1360042828A /* BookCellView.swift */ = {isa = PBXFileReference; lastKnownFileType = sourcecode.swift; path = BookCellView.swift; sourceTree = "<group>"; };
		8D2FD810256CC13D0042828A /* BookCell.swift */ = {isa = PBXFileReference; lastKnownFileType = sourcecode.swift; path = BookCell.swift; sourceTree = "<group>"; };
		8D2FD813256CC1D90042828A /* BookCellView.xib */ = {isa = PBXFileReference; lastKnownFileType = file.xib; path = BookCellView.xib; sourceTree = "<group>"; };
		8D2FD816256CC1E10042828A /* BookCell.xib */ = {isa = PBXFileReference; lastKnownFileType = file.xib; path = BookCell.xib; sourceTree = "<group>"; };
		8D2FD81C256CC60F0042828A /* PublisherView.xib */ = {isa = PBXFileReference; lastKnownFileType = file.xib; path = PublisherView.xib; sourceTree = "<group>"; };
		8D2FD822256CC9130042828A /* ORMListView.xib */ = {isa = PBXFileReference; lastKnownFileType = file.xib; path = ORMListView.xib; sourceTree = "<group>"; };
		8D2FD825256CC9290042828A /* ORMListViewController.swift */ = {isa = PBXFileReference; lastKnownFileType = sourcecode.swift; path = ORMListViewController.swift; sourceTree = "<group>"; };
		8D2FD82B256CDDFD0042828A /* ORMCell.swift */ = {isa = PBXFileReference; lastKnownFileType = sourcecode.swift; path = ORMCell.swift; sourceTree = "<group>"; };
		8D2FD82F256CE0870042828A /* ORMCellView.swift */ = {isa = PBXFileReference; lastKnownFileType = sourcecode.swift; path = ORMCellView.swift; sourceTree = "<group>"; };
		8D2FD832256CE0920042828A /* ORMCell.xib */ = {isa = PBXFileReference; lastKnownFileType = file.xib; path = ORMCell.xib; sourceTree = "<group>"; };
		8D2FD835256CE09A0042828A /* ORMCellView.xib */ = {isa = PBXFileReference; lastKnownFileType = file.xib; path = ORMCellView.xib; sourceTree = "<group>"; };
		8D2FD83A256CFF420042828A /* CellItem.swift */ = {isa = PBXFileReference; lastKnownFileType = sourcecode.swift; path = CellItem.swift; sourceTree = "<group>"; };
		8D3F0840257D385000189D5F /* BenchmarkContainer.swift */ = {isa = PBXFileReference; lastKnownFileType = sourcecode.swift; path = BenchmarkContainer.swift; sourceTree = "<group>"; };
		8D3F0857257E05E700189D5F /* DatabaseComparisonTests.xctest */ = {isa = PBXFileReference; explicitFileType = wrapper.cfbundle; includeInIndex = 0; path = DatabaseComparisonTests.xctest; sourceTree = BUILT_PRODUCTS_DIR; };
		8D3F085B257E05E700189D5F /* Info.plist */ = {isa = PBXFileReference; lastKnownFileType = text.plist.xml; path = Info.plist; sourceTree = "<group>"; };
		8D3F0885258252F700189D5F /* InsertOneToManyBenchmarkTests.swift */ = {isa = PBXFileReference; lastKnownFileType = sourcecode.swift; path = InsertOneToManyBenchmarkTests.swift; sourceTree = "<group>"; };
		8D3F08892582530F00189D5F /* InsertOneToOneBenchmarkTests.swift */ = {isa = PBXFileReference; lastKnownFileType = sourcecode.swift; path = InsertOneToOneBenchmarkTests.swift; sourceTree = "<group>"; };
		8D3F088F2582532A00189D5F /* InsertSimpleBenchmarkTests.swift */ = {isa = PBXFileReference; lastKnownFileType = sourcecode.swift; path = InsertSimpleBenchmarkTests.swift; sourceTree = "<group>"; };
		8D3F0893258253A200189D5F /* ReadSimpleBenchmarkTests.swift */ = {isa = PBXFileReference; lastKnownFileType = sourcecode.swift; path = ReadSimpleBenchmarkTests.swift; sourceTree = "<group>"; };
		8D3F08972582564400189D5F /* ReadOneToOneBenchmarkTests.swift */ = {isa = PBXFileReference; lastKnownFileType = sourcecode.swift; path = ReadOneToOneBenchmarkTests.swift; sourceTree = "<group>"; };
		8D3F089D2582565700189D5F /* ReadOneToManyBenchmarkTests.swift */ = {isa = PBXFileReference; lastKnownFileType = sourcecode.swift; path = ReadOneToManyBenchmarkTests.swift; sourceTree = "<group>"; };
		8D5B5FBA254177F500B22207 /* GRDBModelExtension.swift */ = {isa = PBXFileReference; lastKnownFileType = sourcecode.swift; path = GRDBModelExtension.swift; sourceTree = "<group>"; };
		8D5B5FBD254181DB00B22207 /* GRDBMigrator.swift */ = {isa = PBXFileReference; lastKnownFileType = sourcecode.swift; path = GRDBMigrator.swift; sourceTree = "<group>"; };
		8D5B5FEA25455A1300B22207 /* CoreDataAbstractObjectStore.swift */ = {isa = PBXFileReference; lastKnownFileType = sourcecode.swift; path = CoreDataAbstractObjectStore.swift; sourceTree = "<group>"; };
		8D727BA9253950D100F2912D /* Publisher.swift */ = {isa = PBXFileReference; lastKnownFileType = sourcecode.swift; path = Publisher.swift; sourceTree = "<group>"; };
		8D727BAE253953E200F2912D /* Owner.swift */ = {isa = PBXFileReference; lastKnownFileType = sourcecode.swift; path = Owner.swift; sourceTree = "<group>"; };
		8D727BB1253953F800F2912D /* Book.swift */ = {isa = PBXFileReference; lastKnownFileType = sourcecode.swift; path = Book.swift; sourceTree = "<group>"; };
		8D9D6CC9258F4E970026C0FD /* GRDBSQLPublisherStore.swift */ = {isa = PBXFileReference; lastKnownFileType = sourcecode.swift; path = GRDBSQLPublisherStore.swift; sourceTree = "<group>"; };
		8DE32AE225470E74007A3ADB /* DefaultsKey.swift */ = {isa = PBXFileReference; lastKnownFileType = sourcecode.swift; path = DefaultsKey.swift; sourceTree = "<group>"; };
		8DE32B6D255C7685007A3ADB /* PublisherMigration.swift */ = {isa = PBXFileReference; lastKnownFileType = sourcecode.swift; path = PublisherMigration.swift; sourceTree = "<group>"; };
		F4693C13DFC13D22D82B5012 /* Pods_DatabaseComparison.framework */ = {isa = PBXFileReference; explicitFileType = wrapper.framework; includeInIndex = 0; path = Pods_DatabaseComparison.framework; sourceTree = BUILT_PRODUCTS_DIR; };
		FB9848FEEB79477F8E0FE867 /* Pods-DatabaseComparison.release.xcconfig */ = {isa = PBXFileReference; includeInIndex = 1; lastKnownFileType = text.xcconfig; name = "Pods-DatabaseComparison.release.xcconfig"; path = "Target Support Files/Pods-DatabaseComparison/Pods-DatabaseComparison.release.xcconfig"; sourceTree = "<group>"; };
/* End PBXFileReference section */

/* Begin PBXFrameworksBuildPhase section */
		8D0EA81F252BB62A005E51C3 /* Frameworks */ = {
			isa = PBXFrameworksBuildPhase;
			buildActionMask = 2147483647;
			files = (
				8250264E5C2ABAF83CF83404 /* Pods_DatabaseComparison.framework in Frameworks */,
			);
			runOnlyForDeploymentPostprocessing = 0;
		};
		8D3F0854257E05E700189D5F /* Frameworks */ = {
			isa = PBXFrameworksBuildPhase;
			buildActionMask = 2147483647;
			files = (
				FA794D6798EA7E4FABCE60D9 /* Pods_DatabaseComparisonTests.framework in Frameworks */,
			);
			runOnlyForDeploymentPostprocessing = 0;
		};
/* End PBXFrameworksBuildPhase section */

/* Begin PBXGroup section */
		8D0EA819252BB62A005E51C3 = {
			isa = PBXGroup;
			children = (
				8D0EA824252BB62A005E51C3 /* DatabaseComparison */,
				8D3F0858257E05E700189D5F /* DatabaseComparisonTests */,
				8D0EA823252BB62A005E51C3 /* Products */,
				FFBE46ABC1058269C7654864 /* Pods */,
				E5D9ED313DCEF2B6E4487606 /* Frameworks */,
			);
			sourceTree = "<group>";
		};
		8D0EA823252BB62A005E51C3 /* Products */ = {
			isa = PBXGroup;
			children = (
				8D0EA822252BB62A005E51C3 /* DatabaseComparison.app */,
				8D3F0857257E05E700189D5F /* DatabaseComparisonTests.xctest */,
			);
			name = Products;
			sourceTree = "<group>";
		};
		8D0EA824252BB62A005E51C3 /* DatabaseComparison */ = {
			isa = PBXGroup;
			children = (
				8D2FD7F1256BC2C80042828A /* ViewModel */,
				8D2FD7F0256BC2BF0042828A /* View */,
				8D727BA8253950BC00F2912D /* Entity */,
				8D0EA83D252C5DC0005E51C3 /* Stores */,
				8D0EA825252BB62A005E51C3 /* AppDelegate.swift */,
				8D0EA827252BB62A005E51C3 /* SceneDelegate.swift */,
				8D0EA831252BB62B005E51C3 /* Assets.xcassets */,
				8D0EA833252BB62B005E51C3 /* LaunchScreen.storyboard */,
				8D0EA836252BB62B005E51C3 /* Info.plist */,
				8D0EA82E252BB62A005E51C3 /* DatabaseComparison.xcdatamodeld */,
				8D0C8FE825A3C27D00FFFCE0 /* Mapping.xcmappingmodel */,
				8D2FD7E3256B8CD80042828A /* Container.swift */,
				8D2FD7E6256BB6350042828A /* MockData.swift */,
			);
			path = DatabaseComparison;
			sourceTree = "<group>";
		};
		8D0EA83D252C5DC0005E51C3 /* Stores */ = {
			isa = PBXGroup;
			children = (
				8D727BBB253956F600F2912D /* UserDefaults */,
				8D727BBA253956ED00F2912D /* CoreData */,
				8D727BB9253956E600F2912D /* FMDB */,
				8D727BB7253956D800F2912D /* GRDB */,
				8D727BB6253956CF00F2912D /* Realm */,
				8D2FD7E9256BBF6D0042828A /* PublisherStore.swift */,
			);
			path = Stores;
			sourceTree = "<group>";
		};
		8D2769F12570C2F60086D102 /* Benchmark */ = {
			isa = PBXGroup;
			children = (
				8D2769F22570C5740086D102 /* BenchmarkObject.swift */,
				8D2769F62570C7220086D102 /* Benchmarker.swift */,
				8D3F0840257D385000189D5F /* BenchmarkContainer.swift */,
			);
			path = Benchmark;
			sourceTree = "<group>";
		};
		8D2FD7F0256BC2BF0042828A /* View */ = {
			isa = PBXGroup;
			children = (
				8D2FD803256CBFFD0042828A /* ViewController */,
				8D2FD802256CBFF50042828A /* Cell */,
				8D2FD7FF256C89050042828A /* loadNib.swift */,
			);
			path = View;
			sourceTree = "<group>";
		};
		8D2FD7F1256BC2C80042828A /* ViewModel */ = {
			isa = PBXGroup;
			children = (
				8D2FD7ED256BC11F0042828A /* PublisherListViewModel.swift */,
			);
			path = ViewModel;
			sourceTree = "<group>";
		};
		8D2FD802256CBFF50042828A /* Cell */ = {
			isa = PBXGroup;
			children = (
				8D2FD82A256CDBA10042828A /* ORM */,
				8D2FD805256CC01B0042828A /* Book */,
				8D2FD804256CC0140042828A /* Publisher */,
				8D2FD83A256CFF420042828A /* CellItem.swift */,
			);
			path = Cell;
			sourceTree = "<group>";
		};
		8D2FD803256CBFFD0042828A /* ViewController */ = {
			isa = PBXGroup;
			children = (
				8D2FD821256CC6B90042828A /* ORMList */,
				8D2FD820256CC6A80042828A /* Publisher */,
				8D2FD81F256CC69D0042828A /* PublisherList */,
			);
			path = ViewController;
			sourceTree = "<group>";
		};
		8D2FD804256CC0140042828A /* Publisher */ = {
			isa = PBXGroup;
			children = (
				8D2FD7F3256BC3780042828A /* PublisherCell.swift */,
				8D2FD7F6256BC3840042828A /* PublisherCell.xib */,
				8D2FD7F9256C85BB0042828A /* PublisherCellView.xib */,
				8D2FD7FC256C85C60042828A /* PublisherCellView.swift */,
			);
			path = Publisher;
			sourceTree = "<group>";
		};
		8D2FD805256CC01B0042828A /* Book */ = {
			isa = PBXGroup;
			children = (
				8D2FD80D256CC1360042828A /* BookCellView.swift */,
				8D2FD810256CC13D0042828A /* BookCell.swift */,
				8D2FD813256CC1D90042828A /* BookCellView.xib */,
				8D2FD816256CC1E10042828A /* BookCell.xib */,
			);
			path = Book;
			sourceTree = "<group>";
		};
		8D2FD81F256CC69D0042828A /* PublisherList */ = {
			isa = PBXGroup;
			children = (
				8D2FD806256CC0380042828A /* PublisherListViewController.swift */,
				8D2769E8256E3CCF0086D102 /* PublisherListView.xib */,
			);
			path = PublisherList;
			sourceTree = "<group>";
		};
		8D2FD820256CC6A80042828A /* Publisher */ = {
			isa = PBXGroup;
			children = (
				8D2FD80A256CC1290042828A /* PublisherViewController.swift */,
				8D2FD81C256CC60F0042828A /* PublisherView.xib */,
			);
			path = Publisher;
			sourceTree = "<group>";
		};
		8D2FD821256CC6B90042828A /* ORMList */ = {
			isa = PBXGroup;
			children = (
				8D2FD822256CC9130042828A /* ORMListView.xib */,
				8D2FD825256CC9290042828A /* ORMListViewController.swift */,
			);
			path = ORMList;
			sourceTree = "<group>";
		};
		8D2FD82A256CDBA10042828A /* ORM */ = {
			isa = PBXGroup;
			children = (
				8D2FD82B256CDDFD0042828A /* ORMCell.swift */,
				8D2FD82F256CE0870042828A /* ORMCellView.swift */,
				8D2FD832256CE0920042828A /* ORMCell.xib */,
				8D2FD835256CE09A0042828A /* ORMCellView.xib */,
			);
			path = ORM;
			sourceTree = "<group>";
		};
		8D3F0858257E05E700189D5F /* DatabaseComparisonTests */ = {
			isa = PBXGroup;
			children = (
				8D2769F12570C2F60086D102 /* Benchmark */,
				8D3F0893258253A200189D5F /* ReadSimpleBenchmarkTests.swift */,
				8D3F089D2582565700189D5F /* ReadOneToManyBenchmarkTests.swift */,
				8D3F08972582564400189D5F /* ReadOneToOneBenchmarkTests.swift */,
				8D3F088F2582532A00189D5F /* InsertSimpleBenchmarkTests.swift */,
				8D3F08892582530F00189D5F /* InsertOneToOneBenchmarkTests.swift */,
				8D3F0885258252F700189D5F /* InsertOneToManyBenchmarkTests.swift */,
				8D3F085B257E05E700189D5F /* Info.plist */,
			);
			path = DatabaseComparisonTests;
			sourceTree = "<group>";
		};
		8D727BA8253950BC00F2912D /* Entity */ = {
			isa = PBXGroup;
			children = (
				8D727BA9253950D100F2912D /* Publisher.swift */,
				8D727BAE253953E200F2912D /* Owner.swift */,
				8D727BB1253953F800F2912D /* Book.swift */,
			);
			path = Entity;
			sourceTree = "<group>";
		};
		8D727BB6253956CF00F2912D /* Realm */ = {
			isa = PBXGroup;
			children = (
				8D0EA84A252CC4E0005E51C3 /* RealmPublisherStore.swift */,
			);
			path = Realm;
			sourceTree = "<group>";
		};
		8D727BB7253956D800F2912D /* GRDB */ = {
			isa = PBXGroup;
			children = (
				8D0EA84D252CC4E8005E51C3 /* GRDBPublisherStore.swift */,
				8D5B5FBA254177F500B22207 /* GRDBModelExtension.swift */,
				8D5B5FBD254181DB00B22207 /* GRDBMigrator.swift */,
				8D9D6CC9258F4E970026C0FD /* GRDBSQLPublisherStore.swift */,
			);
			path = GRDB;
			sourceTree = "<group>";
		};
		8D727BB9253956E600F2912D /* FMDB */ = {
			isa = PBXGroup;
			children = (
				8D0EA856252CC51E005E51C3 /* FMDBPublisherStore.swift */,
			);
			path = FMDB;
			sourceTree = "<group>";
		};
		8D727BBA253956ED00F2912D /* CoreData */ = {
			isa = PBXGroup;
			children = (
				8D0EA850252CC4F1005E51C3 /* CoreDataPublisherStore.swift */,
				8D5B5FEA25455A1300B22207 /* CoreDataAbstractObjectStore.swift */,
				8DE32B6D255C7685007A3ADB /* PublisherMigration.swift */,
				8D2FD7DF255EB0E60042828A /* Array+DIfference.swift */,
			);
			path = CoreData;
			sourceTree = "<group>";
		};
		8D727BBB253956F600F2912D /* UserDefaults */ = {
			isa = PBXGroup;
			children = (
				8D0EA853252CC50E005E51C3 /* UserDefaultsStore.swift */,
				8DE32AE225470E74007A3ADB /* DefaultsKey.swift */,
			);
			path = UserDefaults;
			sourceTree = "<group>";
		};
		E5D9ED313DCEF2B6E4487606 /* Frameworks */ = {
			isa = PBXGroup;
			children = (
				F4693C13DFC13D22D82B5012 /* Pods_DatabaseComparison.framework */,
				8613E1C62B4F1EB8D2AD11C7 /* Pods_DatabaseComparisonTests.framework */,
			);
			name = Frameworks;
			sourceTree = "<group>";
		};
		FFBE46ABC1058269C7654864 /* Pods */ = {
			isa = PBXGroup;
			children = (
				6A0F48F39E4701A2543D6630 /* Pods-DatabaseComparison.debug.xcconfig */,
				FB9848FEEB79477F8E0FE867 /* Pods-DatabaseComparison.release.xcconfig */,
				1F86ABFF5284947D7D7374F8 /* Pods-DatabaseComparisonTests.debug.xcconfig */,
				559E31C25AEE2F4EB18B6D1D /* Pods-DatabaseComparisonTests.release.xcconfig */,
			);
			path = Pods;
			sourceTree = "<group>";
		};
/* End PBXGroup section */

/* Begin PBXNativeTarget section */
		8D0EA821252BB62A005E51C3 /* DatabaseComparison */ = {
			isa = PBXNativeTarget;
			buildConfigurationList = 8D0EA839252BB62B005E51C3 /* Build configuration list for PBXNativeTarget "DatabaseComparison" */;
			buildPhases = (
				7E6C17AE7898200B8561AFEA /* [CP] Check Pods Manifest.lock */,
				8D0EA81E252BB62A005E51C3 /* Sources */,
				8D0EA81F252BB62A005E51C3 /* Frameworks */,
				8D0EA820252BB62A005E51C3 /* Resources */,
				2DD411C192B5F4337B6EC9AA /* [CP] Embed Pods Frameworks */,
			);
			buildRules = (
			);
			dependencies = (
			);
			name = DatabaseComparison;
			productName = DatabaseComparison;
			productReference = 8D0EA822252BB62A005E51C3 /* DatabaseComparison.app */;
			productType = "com.apple.product-type.application";
		};
		8D3F0856257E05E700189D5F /* DatabaseComparisonTests */ = {
			isa = PBXNativeTarget;
			buildConfigurationList = 8D3F085E257E05E700189D5F /* Build configuration list for PBXNativeTarget "DatabaseComparisonTests" */;
			buildPhases = (
				00BAB83E48EFF846BD72A3B0 /* [CP] Check Pods Manifest.lock */,
				8D3F0853257E05E700189D5F /* Sources */,
				8D3F0854257E05E700189D5F /* Frameworks */,
				8D3F0855257E05E700189D5F /* Resources */,
				CB4816967A19F4F238B4604B /* [CP] Embed Pods Frameworks */,
			);
			buildRules = (
			);
			dependencies = (
				8D3F085D257E05E700189D5F /* PBXTargetDependency */,
			);
			name = DatabaseComparisonTests;
			productName = DatabaseComparisonTests;
			productReference = 8D3F0857257E05E700189D5F /* DatabaseComparisonTests.xctest */;
			productType = "com.apple.product-type.bundle.unit-test";
		};
/* End PBXNativeTarget section */

/* Begin PBXProject section */
		8D0EA81A252BB62A005E51C3 /* Project object */ = {
			isa = PBXProject;
			attributes = {
				LastSwiftUpdateCheck = 1200;
				LastUpgradeCheck = 1200;
				TargetAttributes = {
					8D0EA821252BB62A005E51C3 = {
						CreatedOnToolsVersion = 12.0;
					};
					8D3F0856257E05E700189D5F = {
						CreatedOnToolsVersion = 12.0;
						TestTargetID = 8D0EA821252BB62A005E51C3;
					};
				};
			};
			buildConfigurationList = 8D0EA81D252BB62A005E51C3 /* Build configuration list for PBXProject "DatabaseComparison" */;
			compatibilityVersion = "Xcode 9.3";
			developmentRegion = en;
			hasScannedForEncodings = 0;
			knownRegions = (
				en,
				Base,
			);
			mainGroup = 8D0EA819252BB62A005E51C3;
			productRefGroup = 8D0EA823252BB62A005E51C3 /* Products */;
			projectDirPath = "";
			projectRoot = "";
			targets = (
				8D0EA821252BB62A005E51C3 /* DatabaseComparison */,
				8D3F0856257E05E700189D5F /* DatabaseComparisonTests */,
			);
		};
/* End PBXProject section */

/* Begin PBXResourcesBuildPhase section */
		8D0EA820252BB62A005E51C3 /* Resources */ = {
			isa = PBXResourcesBuildPhase;
			buildActionMask = 2147483647;
			files = (
				8D2FD7F7256BC3840042828A /* PublisherCell.xib in Resources */,
				8D0EA835252BB62B005E51C3 /* LaunchScreen.storyboard in Resources */,
				8D2FD817256CC1E10042828A /* BookCell.xib in Resources */,
				8D2FD81D256CC60F0042828A /* PublisherView.xib in Resources */,
				8D2FD814256CC1D90042828A /* BookCellView.xib in Resources */,
				8D2FD833256CE0920042828A /* ORMCell.xib in Resources */,
				8D0EA832252BB62B005E51C3 /* Assets.xcassets in Resources */,
				8D2769E9256E3CCF0086D102 /* PublisherListView.xib in Resources */,
				8D2FD836256CE09A0042828A /* ORMCellView.xib in Resources */,
				8D2FD823256CC9130042828A /* ORMListView.xib in Resources */,
				8D2FD7FA256C85BB0042828A /* PublisherCellView.xib in Resources */,
			);
			runOnlyForDeploymentPostprocessing = 0;
		};
		8D3F0855257E05E700189D5F /* Resources */ = {
			isa = PBXResourcesBuildPhase;
			buildActionMask = 2147483647;
			files = (
			);
			runOnlyForDeploymentPostprocessing = 0;
		};
/* End PBXResourcesBuildPhase section */

/* Begin PBXShellScriptBuildPhase section */
		00BAB83E48EFF846BD72A3B0 /* [CP] Check Pods Manifest.lock */ = {
			isa = PBXShellScriptBuildPhase;
			buildActionMask = 2147483647;
			files = (
			);
			inputFileListPaths = (
			);
			inputPaths = (
				"${PODS_PODFILE_DIR_PATH}/Podfile.lock",
				"${PODS_ROOT}/Manifest.lock",
			);
			name = "[CP] Check Pods Manifest.lock";
			outputFileListPaths = (
			);
			outputPaths = (
				"$(DERIVED_FILE_DIR)/Pods-DatabaseComparisonTests-checkManifestLockResult.txt",
			);
			runOnlyForDeploymentPostprocessing = 0;
			shellPath = /bin/sh;
			shellScript = "diff \"${PODS_PODFILE_DIR_PATH}/Podfile.lock\" \"${PODS_ROOT}/Manifest.lock\" > /dev/null\nif [ $? != 0 ] ; then\n    # print error to STDERR\n    echo \"error: The sandbox is not in sync with the Podfile.lock. Run 'pod install' or update your CocoaPods installation.\" >&2\n    exit 1\nfi\n# This output is used by Xcode 'outputs' to avoid re-running this script phase.\necho \"SUCCESS\" > \"${SCRIPT_OUTPUT_FILE_0}\"\n";
			showEnvVarsInLog = 0;
		};
		2DD411C192B5F4337B6EC9AA /* [CP] Embed Pods Frameworks */ = {
			isa = PBXShellScriptBuildPhase;
			buildActionMask = 2147483647;
			files = (
			);
			inputFileListPaths = (
				"${PODS_ROOT}/Target Support Files/Pods-DatabaseComparison/Pods-DatabaseComparison-frameworks-${CONFIGURATION}-input-files.xcfilelist",
			);
			name = "[CP] Embed Pods Frameworks";
			outputFileListPaths = (
				"${PODS_ROOT}/Target Support Files/Pods-DatabaseComparison/Pods-DatabaseComparison-frameworks-${CONFIGURATION}-output-files.xcfilelist",
			);
			runOnlyForDeploymentPostprocessing = 0;
			shellPath = /bin/sh;
			shellScript = "\"${PODS_ROOT}/Target Support Files/Pods-DatabaseComparison/Pods-DatabaseComparison-frameworks.sh\"\n";
			showEnvVarsInLog = 0;
		};
		7E6C17AE7898200B8561AFEA /* [CP] Check Pods Manifest.lock */ = {
			isa = PBXShellScriptBuildPhase;
			buildActionMask = 2147483647;
			files = (
			);
			inputFileListPaths = (
			);
			inputPaths = (
				"${PODS_PODFILE_DIR_PATH}/Podfile.lock",
				"${PODS_ROOT}/Manifest.lock",
			);
			name = "[CP] Check Pods Manifest.lock";
			outputFileListPaths = (
			);
			outputPaths = (
				"$(DERIVED_FILE_DIR)/Pods-DatabaseComparison-checkManifestLockResult.txt",
			);
			runOnlyForDeploymentPostprocessing = 0;
			shellPath = /bin/sh;
			shellScript = "diff \"${PODS_PODFILE_DIR_PATH}/Podfile.lock\" \"${PODS_ROOT}/Manifest.lock\" > /dev/null\nif [ $? != 0 ] ; then\n    # print error to STDERR\n    echo \"error: The sandbox is not in sync with the Podfile.lock. Run 'pod install' or update your CocoaPods installation.\" >&2\n    exit 1\nfi\n# This output is used by Xcode 'outputs' to avoid re-running this script phase.\necho \"SUCCESS\" > \"${SCRIPT_OUTPUT_FILE_0}\"\n";
			showEnvVarsInLog = 0;
		};
		CB4816967A19F4F238B4604B /* [CP] Embed Pods Frameworks */ = {
			isa = PBXShellScriptBuildPhase;
			buildActionMask = 2147483647;
			files = (
			);
			inputFileListPaths = (
				"${PODS_ROOT}/Target Support Files/Pods-DatabaseComparisonTests/Pods-DatabaseComparisonTests-frameworks-${CONFIGURATION}-input-files.xcfilelist",
			);
			name = "[CP] Embed Pods Frameworks";
			outputFileListPaths = (
				"${PODS_ROOT}/Target Support Files/Pods-DatabaseComparisonTests/Pods-DatabaseComparisonTests-frameworks-${CONFIGURATION}-output-files.xcfilelist",
			);
			runOnlyForDeploymentPostprocessing = 0;
			shellPath = /bin/sh;
			shellScript = "\"${PODS_ROOT}/Target Support Files/Pods-DatabaseComparisonTests/Pods-DatabaseComparisonTests-frameworks.sh\"\n";
			showEnvVarsInLog = 0;
		};
/* End PBXShellScriptBuildPhase section */

/* Begin PBXSourcesBuildPhase section */
		8D0EA81E252BB62A005E51C3 /* Sources */ = {
			isa = PBXSourcesBuildPhase;
			buildActionMask = 2147483647;
			files = (
				8D0EA857252CC51F005E51C3 /* FMDBPublisherStore.swift in Sources */,
				8D2FD830256CE0870042828A /* ORMCellView.swift in Sources */,
				8D5B5FBE254181DB00B22207 /* GRDBMigrator.swift in Sources */,
				8D2FD807256CC0380042828A /* PublisherListViewController.swift in Sources */,
				8D0EA826252BB62A005E51C3 /* AppDelegate.swift in Sources */,
				8D2FD7E4256B8CD80042828A /* Container.swift in Sources */,
				8D2FD7E0255EB0E60042828A /* Array+DIfference.swift in Sources */,
				8D2FD7F4256BC3780042828A /* PublisherCell.swift in Sources */,
				8D0EA84E252CC4E8005E51C3 /* GRDBPublisherStore.swift in Sources */,
				8D0EA828252BB62A005E51C3 /* SceneDelegate.swift in Sources */,
				8D727BB2253953F800F2912D /* Book.swift in Sources */,
				8D2FD7E7256BB6350042828A /* MockData.swift in Sources */,
				8D2FD800256C89050042828A /* loadNib.swift in Sources */,
				8D0EA830252BB62A005E51C3 /* DatabaseComparison.xcdatamodeld in Sources */,
				8D0EA851252CC4F1005E51C3 /* CoreDataPublisherStore.swift in Sources */,
				8D2FD811256CC13D0042828A /* BookCell.swift in Sources */,
				8DE32AE325470E74007A3ADB /* DefaultsKey.swift in Sources */,
				8D2FD826256CC9290042828A /* ORMListViewController.swift in Sources */,
				8D9D6CCA258F4E970026C0FD /* GRDBSQLPublisherStore.swift in Sources */,
				8D2FD7EE256BC11F0042828A /* PublisherListViewModel.swift in Sources */,
				8D2FD83B256CFF420042828A /* CellItem.swift in Sources */,
				8D2FD7FD256C85C60042828A /* PublisherCellView.swift in Sources */,
				8D2FD82C256CDDFD0042828A /* ORMCell.swift in Sources */,
				8DE32B6E255C7686007A3ADB /* PublisherMigration.swift in Sources */,
				8D2FD80E256CC1360042828A /* BookCellView.swift in Sources */,
				8D2FD80B256CC1290042828A /* PublisherViewController.swift in Sources */,
				8D5B5FBB254177F500B22207 /* GRDBModelExtension.swift in Sources */,
				8D0EA84B252CC4E0005E51C3 /* RealmPublisherStore.swift in Sources */,
				8D727BAF253953E200F2912D /* Owner.swift in Sources */,
				8D2FD7EA256BBF6D0042828A /* PublisherStore.swift in Sources */,
				8D0C8FE925A3C27D00FFFCE0 /* Mapping.xcmappingmodel in Sources */,
				8D5B5FEB25455A1300B22207 /* CoreDataAbstractObjectStore.swift in Sources */,
				8D0EA854252CC50E005E51C3 /* UserDefaultsStore.swift in Sources */,
				8D727BAA253950D100F2912D /* Publisher.swift in Sources */,
			);
			runOnlyForDeploymentPostprocessing = 0;
		};
		8D3F0853257E05E700189D5F /* Sources */ = {
			isa = PBXSourcesBuildPhase;
			buildActionMask = 2147483647;
			files = (
				8D3F0886258252F700189D5F /* InsertOneToManyBenchmarkTests.swift in Sources */,
				8D3F0865257FE3E600189D5F /* BenchmarkObject.swift in Sources */,
				8D3F0866257FE3E600189D5F /* Benchmarker.swift in Sources */,
				8D3F088A2582530F00189D5F /* InsertOneToOneBenchmarkTests.swift in Sources */,
				8D3F089E2582565700189D5F /* ReadOneToManyBenchmarkTests.swift in Sources */,
				8D3F0867257FE3E600189D5F /* BenchmarkContainer.swift in Sources */,
				8D3F0894258253A200189D5F /* ReadSimpleBenchmarkTests.swift in Sources */,
				8D3F08982582564400189D5F /* ReadOneToOneBenchmarkTests.swift in Sources */,
				8D3F08902582532A00189D5F /* InsertSimpleBenchmarkTests.swift in Sources */,
			);
			runOnlyForDeploymentPostprocessing = 0;
		};
/* End PBXSourcesBuildPhase section */

/* Begin PBXTargetDependency section */
		8D3F085D257E05E700189D5F /* PBXTargetDependency */ = {
			isa = PBXTargetDependency;
			target = 8D0EA821252BB62A005E51C3 /* DatabaseComparison */;
			targetProxy = 8D3F085C257E05E700189D5F /* PBXContainerItemProxy */;
		};
/* End PBXTargetDependency section */

/* Begin PBXVariantGroup section */
		8D0EA833252BB62B005E51C3 /* LaunchScreen.storyboard */ = {
			isa = PBXVariantGroup;
			children = (
				8D0EA834252BB62B005E51C3 /* Base */,
			);
			name = LaunchScreen.storyboard;
			sourceTree = "<group>";
		};
/* End PBXVariantGroup section */

/* Begin XCBuildConfiguration section */
		8D0EA837252BB62B005E51C3 /* Debug */ = {
			isa = XCBuildConfiguration;
			buildSettings = {
				ALWAYS_SEARCH_USER_PATHS = NO;
				CLANG_ANALYZER_NONNULL = YES;
				CLANG_ANALYZER_NUMBER_OBJECT_CONVERSION = YES_AGGRESSIVE;
				CLANG_CXX_LANGUAGE_STANDARD = "gnu++14";
				CLANG_CXX_LIBRARY = "libc++";
				CLANG_ENABLE_MODULES = YES;
				CLANG_ENABLE_OBJC_ARC = YES;
				CLANG_ENABLE_OBJC_WEAK = YES;
				CLANG_WARN_BLOCK_CAPTURE_AUTORELEASING = YES;
				CLANG_WARN_BOOL_CONVERSION = YES;
				CLANG_WARN_COMMA = YES;
				CLANG_WARN_CONSTANT_CONVERSION = YES;
				CLANG_WARN_DEPRECATED_OBJC_IMPLEMENTATIONS = YES;
				CLANG_WARN_DIRECT_OBJC_ISA_USAGE = YES_ERROR;
				CLANG_WARN_DOCUMENTATION_COMMENTS = YES;
				CLANG_WARN_EMPTY_BODY = YES;
				CLANG_WARN_ENUM_CONVERSION = YES;
				CLANG_WARN_INFINITE_RECURSION = YES;
				CLANG_WARN_INT_CONVERSION = YES;
				CLANG_WARN_NON_LITERAL_NULL_CONVERSION = YES;
				CLANG_WARN_OBJC_IMPLICIT_RETAIN_SELF = YES;
				CLANG_WARN_OBJC_LITERAL_CONVERSION = YES;
				CLANG_WARN_OBJC_ROOT_CLASS = YES_ERROR;
				CLANG_WARN_QUOTED_INCLUDE_IN_FRAMEWORK_HEADER = YES;
				CLANG_WARN_RANGE_LOOP_ANALYSIS = YES;
				CLANG_WARN_STRICT_PROTOTYPES = YES;
				CLANG_WARN_SUSPICIOUS_MOVE = YES;
				CLANG_WARN_UNGUARDED_AVAILABILITY = YES_AGGRESSIVE;
				CLANG_WARN_UNREACHABLE_CODE = YES;
				CLANG_WARN__DUPLICATE_METHOD_MATCH = YES;
				COPY_PHASE_STRIP = NO;
				DEBUG_INFORMATION_FORMAT = dwarf;
				ENABLE_STRICT_OBJC_MSGSEND = YES;
				ENABLE_TESTABILITY = YES;
				GCC_C_LANGUAGE_STANDARD = gnu11;
				GCC_DYNAMIC_NO_PIC = NO;
				GCC_NO_COMMON_BLOCKS = YES;
				GCC_OPTIMIZATION_LEVEL = 0;
				GCC_PREPROCESSOR_DEFINITIONS = (
					"DEBUG=1",
					"$(inherited)",
				);
				GCC_WARN_64_TO_32_BIT_CONVERSION = YES;
				GCC_WARN_ABOUT_RETURN_TYPE = YES_ERROR;
				GCC_WARN_UNDECLARED_SELECTOR = YES;
				GCC_WARN_UNINITIALIZED_AUTOS = YES_AGGRESSIVE;
				GCC_WARN_UNUSED_FUNCTION = YES;
				GCC_WARN_UNUSED_VARIABLE = YES;
				IPHONEOS_DEPLOYMENT_TARGET = 14.0;
				MTL_ENABLE_DEBUG_INFO = INCLUDE_SOURCE;
				MTL_FAST_MATH = YES;
				ONLY_ACTIVE_ARCH = YES;
				SDKROOT = iphoneos;
				SWIFT_ACTIVE_COMPILATION_CONDITIONS = DEBUG;
				SWIFT_OPTIMIZATION_LEVEL = "-Onone";
			};
			name = Debug;
		};
		8D0EA838252BB62B005E51C3 /* Release */ = {
			isa = XCBuildConfiguration;
			buildSettings = {
				ALWAYS_SEARCH_USER_PATHS = NO;
				CLANG_ANALYZER_NONNULL = YES;
				CLANG_ANALYZER_NUMBER_OBJECT_CONVERSION = YES_AGGRESSIVE;
				CLANG_CXX_LANGUAGE_STANDARD = "gnu++14";
				CLANG_CXX_LIBRARY = "libc++";
				CLANG_ENABLE_MODULES = YES;
				CLANG_ENABLE_OBJC_ARC = YES;
				CLANG_ENABLE_OBJC_WEAK = YES;
				CLANG_WARN_BLOCK_CAPTURE_AUTORELEASING = YES;
				CLANG_WARN_BOOL_CONVERSION = YES;
				CLANG_WARN_COMMA = YES;
				CLANG_WARN_CONSTANT_CONVERSION = YES;
				CLANG_WARN_DEPRECATED_OBJC_IMPLEMENTATIONS = YES;
				CLANG_WARN_DIRECT_OBJC_ISA_USAGE = YES_ERROR;
				CLANG_WARN_DOCUMENTATION_COMMENTS = YES;
				CLANG_WARN_EMPTY_BODY = YES;
				CLANG_WARN_ENUM_CONVERSION = YES;
				CLANG_WARN_INFINITE_RECURSION = YES;
				CLANG_WARN_INT_CONVERSION = YES;
				CLANG_WARN_NON_LITERAL_NULL_CONVERSION = YES;
				CLANG_WARN_OBJC_IMPLICIT_RETAIN_SELF = YES;
				CLANG_WARN_OBJC_LITERAL_CONVERSION = YES;
				CLANG_WARN_OBJC_ROOT_CLASS = YES_ERROR;
				CLANG_WARN_QUOTED_INCLUDE_IN_FRAMEWORK_HEADER = YES;
				CLANG_WARN_RANGE_LOOP_ANALYSIS = YES;
				CLANG_WARN_STRICT_PROTOTYPES = YES;
				CLANG_WARN_SUSPICIOUS_MOVE = YES;
				CLANG_WARN_UNGUARDED_AVAILABILITY = YES_AGGRESSIVE;
				CLANG_WARN_UNREACHABLE_CODE = YES;
				CLANG_WARN__DUPLICATE_METHOD_MATCH = YES;
				COPY_PHASE_STRIP = NO;
				DEBUG_INFORMATION_FORMAT = "dwarf-with-dsym";
				ENABLE_NS_ASSERTIONS = NO;
				ENABLE_STRICT_OBJC_MSGSEND = YES;
				GCC_C_LANGUAGE_STANDARD = gnu11;
				GCC_NO_COMMON_BLOCKS = YES;
				GCC_WARN_64_TO_32_BIT_CONVERSION = YES;
				GCC_WARN_ABOUT_RETURN_TYPE = YES_ERROR;
				GCC_WARN_UNDECLARED_SELECTOR = YES;
				GCC_WARN_UNINITIALIZED_AUTOS = YES_AGGRESSIVE;
				GCC_WARN_UNUSED_FUNCTION = YES;
				GCC_WARN_UNUSED_VARIABLE = YES;
				IPHONEOS_DEPLOYMENT_TARGET = 14.0;
				MTL_ENABLE_DEBUG_INFO = NO;
				MTL_FAST_MATH = YES;
				SDKROOT = iphoneos;
				SWIFT_COMPILATION_MODE = wholemodule;
				SWIFT_OPTIMIZATION_LEVEL = "-O";
				VALIDATE_PRODUCT = YES;
			};
			name = Release;
		};
		8D0EA83A252BB62B005E51C3 /* Debug */ = {
			isa = XCBuildConfiguration;
			baseConfigurationReference = 6A0F48F39E4701A2543D6630 /* Pods-DatabaseComparison.debug.xcconfig */;
			buildSettings = {
				ASSETCATALOG_COMPILER_APPICON_NAME = AppIcon;
				ASSETCATALOG_COMPILER_GLOBAL_ACCENT_COLOR_NAME = AccentColor;
				CODE_SIGN_STYLE = Automatic;
				INFOPLIST_FILE = DatabaseComparison/Info.plist;
				LD_RUNPATH_SEARCH_PATHS = (
					"$(inherited)",
					"@executable_path/Frameworks",
				);
				PRODUCT_BUNDLE_IDENTIFIER = com.mori.DatabaseComparison;
				PRODUCT_NAME = "$(TARGET_NAME)";
				SWIFT_VERSION = 5.0;
				TARGETED_DEVICE_FAMILY = 1;
			};
			name = Debug;
		};
		8D0EA83B252BB62B005E51C3 /* Release */ = {
			isa = XCBuildConfiguration;
			baseConfigurationReference = FB9848FEEB79477F8E0FE867 /* Pods-DatabaseComparison.release.xcconfig */;
			buildSettings = {
				ASSETCATALOG_COMPILER_APPICON_NAME = AppIcon;
				ASSETCATALOG_COMPILER_GLOBAL_ACCENT_COLOR_NAME = AccentColor;
				CODE_SIGN_STYLE = Automatic;
				INFOPLIST_FILE = DatabaseComparison/Info.plist;
				LD_RUNPATH_SEARCH_PATHS = (
					"$(inherited)",
					"@executable_path/Frameworks",
				);
				PRODUCT_BUNDLE_IDENTIFIER = com.mori.DatabaseComparison;
				PRODUCT_NAME = "$(TARGET_NAME)";
				SWIFT_VERSION = 5.0;
				TARGETED_DEVICE_FAMILY = 1;
			};
			name = Release;
		};
		8D3F085F257E05E700189D5F /* Debug */ = {
			isa = XCBuildConfiguration;
			baseConfigurationReference = 1F86ABFF5284947D7D7374F8 /* Pods-DatabaseComparisonTests.debug.xcconfig */;
			buildSettings = {
				BUNDLE_LOADER = "$(TEST_HOST)";
				CODE_SIGN_STYLE = Automatic;
				INFOPLIST_FILE = DatabaseComparisonTests/Info.plist;
				LD_RUNPATH_SEARCH_PATHS = (
					"$(inherited)",
					"@executable_path/Frameworks",
					"@loader_path/Frameworks",
				);
				PRODUCT_BUNDLE_IDENTIFIER = com.mori.DatabaseComparisonTests;
				PRODUCT_NAME = "$(TARGET_NAME)";
				SWIFT_VERSION = 5.0;
				TARGETED_DEVICE_FAMILY = "1,2";
				TEST_HOST = "$(BUILT_PRODUCTS_DIR)/DatabaseComparison.app/DatabaseComparison";
			};
			name = Debug;
		};
		8D3F0860257E05E700189D5F /* Release */ = {
			isa = XCBuildConfiguration;
			baseConfigurationReference = 559E31C25AEE2F4EB18B6D1D /* Pods-DatabaseComparisonTests.release.xcconfig */;
			buildSettings = {
				BUNDLE_LOADER = "$(TEST_HOST)";
				CODE_SIGN_STYLE = Automatic;
				INFOPLIST_FILE = DatabaseComparisonTests/Info.plist;
				LD_RUNPATH_SEARCH_PATHS = (
					"$(inherited)",
					"@executable_path/Frameworks",
					"@loader_path/Frameworks",
				);
				PRODUCT_BUNDLE_IDENTIFIER = com.mori.DatabaseComparisonTests;
				PRODUCT_NAME = "$(TARGET_NAME)";
				SWIFT_VERSION = 5.0;
				TARGETED_DEVICE_FAMILY = "1,2";
				TEST_HOST = "$(BUILT_PRODUCTS_DIR)/DatabaseComparison.app/DatabaseComparison";
			};
			name = Release;
		};
/* End XCBuildConfiguration section */

/* Begin XCConfigurationList section */
		8D0EA81D252BB62A005E51C3 /* Build configuration list for PBXProject "DatabaseComparison" */ = {
			isa = XCConfigurationList;
			buildConfigurations = (
				8D0EA837252BB62B005E51C3 /* Debug */,
				8D0EA838252BB62B005E51C3 /* Release */,
			);
			defaultConfigurationIsVisible = 0;
			defaultConfigurationName = Release;
		};
		8D0EA839252BB62B005E51C3 /* Build configuration list for PBXNativeTarget "DatabaseComparison" */ = {
			isa = XCConfigurationList;
			buildConfigurations = (
				8D0EA83A252BB62B005E51C3 /* Debug */,
				8D0EA83B252BB62B005E51C3 /* Release */,
			);
			defaultConfigurationIsVisible = 0;
			defaultConfigurationName = Release;
		};
		8D3F085E257E05E700189D5F /* Build configuration list for PBXNativeTarget "DatabaseComparisonTests" */ = {
			isa = XCConfigurationList;
			buildConfigurations = (
				8D3F085F257E05E700189D5F /* Debug */,
				8D3F0860257E05E700189D5F /* Release */,
			);
			defaultConfigurationIsVisible = 0;
			defaultConfigurationName = Release;
		};
/* End XCConfigurationList section */

/* Begin XCVersionGroup section */
		8D0EA82E252BB62A005E51C3 /* DatabaseComparison.xcdatamodeld */ = {
			isa = XCVersionGroup;
			children = (
				8D0C8FE125A3BF2200FFFCE0 /* DatabaseComparison 2.xcdatamodel */,
				8D0EA82F252BB62A005E51C3 /* DatabaseComparison.xcdatamodel */,
			);
			currentVersion = 8D0EA82F252BB62A005E51C3 /* DatabaseComparison.xcdatamodel */;
			path = DatabaseComparison.xcdatamodeld;
			sourceTree = "<group>";
			versionGroupType = wrapper.xcdatamodel;
		};
/* End XCVersionGroup section */
	};
	rootObject = 8D0EA81A252BB62A005E51C3 /* Project object */;
}
